
Microsoft Visual Studio Solution File, Format Version 12.00
# Visual Studio Version 17
VisualStudioVersion = 17.3.32825.248
MinimumVisualStudioVersion = 10.0.40219.1
Project("{9A19103F-16F7-4668-BE54-9A1E7A4F7556}") = "KampIntro", "KampIntro\KampIntro.csproj", "{B9BECFB1-042A-4D4C-ABA6-D63C5983C624}"
EndProject
Project("{FAE04EC0-301F-11D3-BF4B-00C04F79EFBC}") = "Metodlar", "Metodlar\Metodlar.csproj", "{9B6A1FF5-84BE-471C-B148-4B9C8CCB7618}"
EndProject
Global
	GlobalSection(SolutionConfigurationPlatforms) = preSolution
		Debug|Any CPU = Debug|Any CPU
		Release|Any CPU = Release|Any CPU
	EndGlobalSection
	GlobalSection(ProjectConfigurationPlatforms) = postSolution
		{B9BECFB1-042A-4D4C-ABA6-D63C5983C624}.Debug|Any CPU.ActiveCfg = Debug|Any CPU
		{B9BECFB1-042A-4D4C-ABA6-D63C5983C624}.Debug|Any CPU.Build.0 = Debug|Any CPU
		{B9BECFB1-042A-4D4C-ABA6-D63C5983C624}.Release|Any CPU.ActiveCfg = Release|Any CPU
		{B9BECFB1-042A-4D4C-ABA6-D63C5983C624}.Release|Any CPU.Build.0 = Release|Any CPU
		{9B6A1FF5-84BE-471C-B148-4B9C8CCB7618}.Debug|Any CPU.ActiveCfg = Debug|Any CPU
		{9B6A1FF5-84BE-471C-B148-4B9C8CCB7618}.Debug|Any CPU.Build.0 = Debug|Any CPU
		{9B6A1FF5-84BE-471C-B148-4B9C8CCB7618}.Release|Any CPU.ActiveCfg = Release|Any CPU
		{9B6A1FF5-84BE-471C-B148-4B9C8CCB7618}.Release|Any CPU.Build.0 = Release|Any CPU
	EndGlobalSection
	GlobalSection(SolutionProperties) = preSolution
		HideSolutionNode = FALSE
	EndGlobalSection
	GlobalSection(ExtensibilityGlobals) = postSolution
		SolutionGuid = {B2053D7B-450C-40EB-A994-59DE0330C645}
	EndGlobalSection
EndGlobal
